
Microsoft Visual Studio Solution File, Format Version 12.00
# Visual Studio Version 16
VisualStudioVersion = 16.0.30804.86
MinimumVisualStudioVersion = 10.0.40219.1
Project("{FAE04EC0-301F-11D3-BF4B-00C04F79EFBC}") = "FunctionUsingArcusKeyVault", "FunctionUsingArcusKeyVault\FunctionUsingArcusKeyVault.csproj", "{3574FB95-88E6-420D-862B-E4B55BD4DAED}"
EndProject
Global
	GlobalSection(SolutionConfigurationPlatforms) = preSolution
		Debug|Any CPU = Debug|Any CPU
		Release|Any CPU = Release|Any CPU
	EndGlobalSection
	GlobalSection(ProjectConfigurationPlatforms) = postSolution
		{3574FB95-88E6-420D-862B-E4B55BD4DAED}.Debug|Any CPU.ActiveCfg = Debug|Any CPU
		{3574FB95-88E6-420D-862B-E4B55BD4DAED}.Debug|Any CPU.Build.0 = Debug|Any CPU
		{3574FB95-88E6-420D-862B-E4B55BD4DAED}.Release|Any CPU.ActiveCfg = Release|Any CPU
		{3574FB95-88E6-420D-862B-E4B55BD4DAED}.Release|Any CPU.Build.0 = Release|Any CPU
	EndGlobalSection
	GlobalSection(SolutionProperties) = preSolution
		HideSolutionNode = FALSE
	EndGlobalSection
	GlobalSection(ExtensibilityGlobals) = postSolution
		SolutionGuid = {BDACECAD-2C09-423E-81D9-AF4500B9CE64}
	EndGlobalSection
EndGlobal
